
Microsoft Visual Studio Solution File, Format Version 12.00
# Visual Studio Version 16
VisualStudioVersion = 16.0.31112.23
MinimumVisualStudioVersion = 10.0.40219.1
Project("{FAE04EC0-301F-11D3-BF4B-00C04F79EFBC}") = "Primeiro", "Primeiro\Primeiro.csproj", "{243A58E6-2D04-4650-9FF6-E9AC69368695}"
EndProject
Global
	GlobalSection(SolutionConfigurationPlatforms) = preSolution
		Debug|Any CPU = Debug|Any CPU
		Release|Any CPU = Release|Any CPU
	EndGlobalSection
	GlobalSection(ProjectConfigurationPlatforms) = postSolution
		{243A58E6-2D04-4650-9FF6-E9AC69368695}.Debug|Any CPU.ActiveCfg = Debug|Any CPU
		{243A58E6-2D04-4650-9FF6-E9AC69368695}.Debug|Any CPU.Build.0 = Debug|Any CPU
		{243A58E6-2D04-4650-9FF6-E9AC69368695}.Release|Any CPU.ActiveCfg = Release|Any CPU
		{243A58E6-2D04-4650-9FF6-E9AC69368695}.Release|Any CPU.Build.0 = Release|Any CPU
	EndGlobalSection
	GlobalSection(SolutionProperties) = preSolution
		HideSolutionNode = FALSE
	EndGlobalSection
	GlobalSection(ExtensibilityGlobals) = postSolution
		SolutionGuid = {0C692AC9-6D8E-4D94-9E5B-3FA6DB453064}
	EndGlobalSection
EndGlobal
