
Microsoft Visual Studio Solution File, Format Version 12.00
# Visual Studio Version 16
VisualStudioVersion = 16.0.31624.102
MinimumVisualStudioVersion = 10.0.40219.1
Project("{FAE04EC0-301F-11D3-BF4B-00C04F79EFBC}") = "FactoryMethod", "FactoryMethod\FactoryMethod.csproj", "{EB443956-5477-462E-9A0E-6FB964425CEB}"
EndProject
Project("{FAE04EC0-301F-11D3-BF4B-00C04F79EFBC}") = "AbstractFactory", "AbstractFactory\AbstractFactory.csproj", "{697DC711-C57A-4484-A21D-23E82ABF82FC}"
EndProject
Project("{FAE04EC0-301F-11D3-BF4B-00C04F79EFBC}") = "Builder", "Builder\Builder.csproj", "{6EBC8E81-25DB-4117-B241-B49C4ADCF0D4}"
EndProject
Project("{FAE04EC0-301F-11D3-BF4B-00C04F79EFBC}") = "Adapter", "Adapter\Adapter.csproj", "{608D79D5-A4EE-428F-8943-EC90CD92FE01}"
EndProject
Project("{FAE04EC0-301F-11D3-BF4B-00C04F79EFBC}") = "Bridge", "Brigde\Bridge.csproj", "{563C072C-321F-402F-AF99-E9C25C43C33A}"
EndProject
Global
	GlobalSection(SolutionConfigurationPlatforms) = preSolution
		Debug|Any CPU = Debug|Any CPU
		Release|Any CPU = Release|Any CPU
	EndGlobalSection
	GlobalSection(ProjectConfigurationPlatforms) = postSolution
		{EB443956-5477-462E-9A0E-6FB964425CEB}.Debug|Any CPU.ActiveCfg = Debug|Any CPU
		{EB443956-5477-462E-9A0E-6FB964425CEB}.Debug|Any CPU.Build.0 = Debug|Any CPU
		{EB443956-5477-462E-9A0E-6FB964425CEB}.Release|Any CPU.ActiveCfg = Release|Any CPU
		{EB443956-5477-462E-9A0E-6FB964425CEB}.Release|Any CPU.Build.0 = Release|Any CPU
		{697DC711-C57A-4484-A21D-23E82ABF82FC}.Debug|Any CPU.ActiveCfg = Debug|Any CPU
		{697DC711-C57A-4484-A21D-23E82ABF82FC}.Debug|Any CPU.Build.0 = Debug|Any CPU
		{697DC711-C57A-4484-A21D-23E82ABF82FC}.Release|Any CPU.ActiveCfg = Release|Any CPU
		{697DC711-C57A-4484-A21D-23E82ABF82FC}.Release|Any CPU.Build.0 = Release|Any CPU
		{6EBC8E81-25DB-4117-B241-B49C4ADCF0D4}.Debug|Any CPU.ActiveCfg = Debug|Any CPU
		{6EBC8E81-25DB-4117-B241-B49C4ADCF0D4}.Debug|Any CPU.Build.0 = Debug|Any CPU
		{6EBC8E81-25DB-4117-B241-B49C4ADCF0D4}.Release|Any CPU.ActiveCfg = Release|Any CPU
		{6EBC8E81-25DB-4117-B241-B49C4ADCF0D4}.Release|Any CPU.Build.0 = Release|Any CPU
		{608D79D5-A4EE-428F-8943-EC90CD92FE01}.Debug|Any CPU.ActiveCfg = Debug|Any CPU
		{608D79D5-A4EE-428F-8943-EC90CD92FE01}.Debug|Any CPU.Build.0 = Debug|Any CPU
		{608D79D5-A4EE-428F-8943-EC90CD92FE01}.Release|Any CPU.ActiveCfg = Release|Any CPU
		{608D79D5-A4EE-428F-8943-EC90CD92FE01}.Release|Any CPU.Build.0 = Release|Any CPU
		{563C072C-321F-402F-AF99-E9C25C43C33A}.Debug|Any CPU.ActiveCfg = Debug|Any CPU
		{563C072C-321F-402F-AF99-E9C25C43C33A}.Debug|Any CPU.Build.0 = Debug|Any CPU
		{563C072C-321F-402F-AF99-E9C25C43C33A}.Release|Any CPU.ActiveCfg = Release|Any CPU
		{563C072C-321F-402F-AF99-E9C25C43C33A}.Release|Any CPU.Build.0 = Release|Any CPU
	EndGlobalSection
	GlobalSection(SolutionProperties) = preSolution
		HideSolutionNode = FALSE
	EndGlobalSection
	GlobalSection(ExtensibilityGlobals) = postSolution
		SolutionGuid = {48637149-D3FE-4C06-9CE8-081130A53377}
	EndGlobalSection
EndGlobal
